Microsoft Visual Studio Solution File, Format Version 8.00
Project("{F184B08F-C81C-45F6-A57F-5ABD9991F28F}") = "OPCVBActiveX", "OPCVBActiveX.vbproj", "{68BCBC40-19A6-4D47-8016-AFE5D0258879}"
	ProjectSection(ProjectDependencies) = postProject
	EndProjectSection
EndProject
Global
	GlobalSection(SolutionConfiguration) = preSolution
		Debug = Debug
		Release = Release
	EndGlobalSection
	GlobalSection(ProjectConfiguration) = postSolution
		{68BCBC40-19A6-4D47-8016-AFE5D0258879}.Debug.ActiveCfg = Debug|.NET
		{68BCBC40-19A6-4D47-8016-AFE5D0258879}.Debug.Build.0 = Debug|.NET
		{68BCBC40-19A6-4D47-8016-AFE5D0258879}.Release.ActiveCfg = Release|.NET
		{68BCBC40-19A6-4D47-8016-AFE5D0258879}.Release.Build.0 = Release|.NET
	EndGlobalSection
	GlobalSection(ExtensibilityGlobals) = postSolution
	EndGlobalSection
	GlobalSection(ExtensibilityAddIns) = postSolution
	EndGlobalSection
EndGlobal
